
Microsoft Visual Studio Solution File, Format Version 11.00
# Visual C# Express 2010
Project("{FAE04EC0-301F-11D3-BF4B-00C04F79EFBC}") = "Norton", "Norton\Norton\Norton.csproj", "{C225F1EC-8EEF-413A-9FB1-E9984595D8E1}"
EndProject
Project("{96E2B04D-8817-42C6-938A-82C39BA4D311}") = "NortonContent", "Norton\NortonContent\NortonContent.contentproj", "{495BBB3D-108F-4547-AAF4-D8EC73994544}"
EndProject
Global
	GlobalSection(SolutionConfigurationPlatforms) = preSolution
		Debug|x86 = Debug|x86
		Release|x86 = Release|x86
	EndGlobalSection
	GlobalSection(ProjectConfigurationPlatforms) = postSolution
		{C225F1EC-8EEF-413A-9FB1-E9984595D8E1}.Debug|x86.ActiveCfg = Debug|x86
		{C225F1EC-8EEF-413A-9FB1-E9984595D8E1}.Debug|x86.Build.0 = Debug|x86
		{C225F1EC-8EEF-413A-9FB1-E9984595D8E1}.Release|x86.ActiveCfg = Release|x86
		{C225F1EC-8EEF-413A-9FB1-E9984595D8E1}.Release|x86.Build.0 = Release|x86
		{495BBB3D-108F-4547-AAF4-D8EC73994544}.Debug|x86.ActiveCfg = Debug|x86
		{495BBB3D-108F-4547-AAF4-D8EC73994544}.Release|x86.ActiveCfg = Release|x86
	EndGlobalSection
	GlobalSection(SolutionProperties) = preSolution
		HideSolutionNode = FALSE
	EndGlobalSection
EndGlobal
